// !$*UTF8*$!
{
	archiveVersion = 1;
	classes = {
	};
	objectVersion = 50;
	objects = {

/* Begin PBXBuildFile section */
		547430DD255AC90700CB2A03 /* AppDelegate.swift in Sources */ = {isa = PBXBuildFile; fileRef = 547430DC255AC90700CB2A03 /* AppDelegate.swift */; };
		547430DF255AC90700CB2A03 /* SceneDelegate.swift in Sources */ = {isa = PBXBuildFile; fileRef = 547430DE255AC90700CB2A03 /* SceneDelegate.swift */; };
		547430E1255AC90700CB2A03 /* ViewController.swift in Sources */ = {isa = PBXBuildFile; fileRef = 547430E0255AC90700CB2A03 /* ViewController.swift */; };
		547430E4255AC90700CB2A03 /* Main.storyboard in Resources */ = {isa = PBXBuildFile; fileRef = 547430E2255AC90700CB2A03 /* Main.storyboard */; };
		547430E7255AC90700CB2A03 /* ToDoIt.xcdatamodeld in Sources */ = {isa = PBXBuildFile; fileRef = 547430E5255AC90700CB2A03 /* ToDoIt.xcdatamodeld */; };
		547430E9255AC90A00CB2A03 /* Assets.xcassets in Resources */ = {isa = PBXBuildFile; fileRef = 547430E8255AC90A00CB2A03 /* Assets.xcassets */; };
		547430EC255AC90A00CB2A03 /* LaunchScreen.storyboard in Resources */ = {isa = PBXBuildFile; fileRef = 547430EA255AC90A00CB2A03 /* LaunchScreen.storyboard */; };
/* End PBXBuildFile section */

/* Begin PBXFileReference section */
		547430D9255AC90700CB2A03 /* ToDoIt.app */ = {isa = PBXFileReference; explicitFileType = wrapper.application; includeInIndex = 0; path = ToDoIt.app; sourceTree = BUILT_PRODUCTS_DIR; };
		547430DC255AC90700CB2A03 /* AppDelegate.swift */ = {isa = PBXFileReference; lastKnownFileType = sourcecode.swift; path = AppDelegate.swift; sourceTree = "<group>"; };
		547430DE255AC90700CB2A03 /* SceneDelegate.swift */ = {isa = PBXFileReference; lastKnownFileType = sourcecode.swift; path = SceneDelegate.swift; sourceTree = "<group>"; };
		547430E0255AC90700CB2A03 /* ViewController.swift */ = {isa = PBXFileReference; lastKnownFileType = sourcecode.swift; path = ViewController.swift; sourceTree = "<group>"; };
		547430E3255AC90700CB2A03 /* Base */ = {isa = PBXFileReference; lastKnownFileType = file.storyboard; name = Base; path = Base.lproj/Main.storyboard; sourceTree = "<group>"; };
		547430E6255AC90700CB2A03 /* ToDoIt.xcdatamodel */ = {isa = PBXFileReference; lastKnownFileType = wrapper.xcdatamodel; path = ToDoIt.xcdatamodel; sourceTree = "<group>"; };
		547430E8255AC90A00CB2A03 /* Assets.xcassets */ = {isa = PBXFileReference; lastKnownFileType = folder.assetcatalog; path = Assets.xcassets; sourceTree = "<group>"; };
		547430EB255AC90A00CB2A03 /* Base */ = {isa = PBXFileReference; lastKnownFileType = file.storyboard; name = Base; path = Base.lproj/LaunchScreen.storyboard; sourceTree = "<group>"; };
		547430ED255AC90A00CB2A03 /* Info.plist */ = {isa = PBXFileReference; lastKnownFileType = text.plist.xml; path = Info.plist; sourceTree = "<group>"; };
/* End PBXFileReference section */

/* Begin PBXFrameworksBuildPhase section */
		547430D6255AC90700CB2A03 /* Frameworks */ = {
			isa = PBXFrameworksBuildPhase;
			buildActionMask = 2147483647;
			files = (
			);
			runOnlyForDeploymentPostprocessing = 0;
		};
/* End PBXFrameworksBuildPhase section */

/* Begin PBXGroup section */
		547430D0255AC90700CB2A03 = {
			isa = PBXGroup;
			children = (
				547430DB255AC90700CB2A03 /* ToDoIT */,
				547430DA255AC90700CB2A03 /* Products */,
			);
			sourceTree = "<group>";
		};
		547430DA255AC90700CB2A03 /* Products */ = {
			isa = PBXGroup;
			children = (
				547430D9255AC90700CB2A03 /* ToDoIt.app */,
			);
			name = Products;
			sourceTree = "<group>";
		};
		547430DB255AC90700CB2A03 /* ToDoIT */ = {
			isa = PBXGroup;
			children = (
				547430DC255AC90700CB2A03 /* AppDelegate.swift */,
				547430DE255AC90700CB2A03 /* SceneDelegate.swift */,
				547430E0255AC90700CB2A03 /* ViewController.swift */,
				547430E2255AC90700CB2A03 /* Main.storyboard */,
				547430E8255AC90A00CB2A03 /* Assets.xcassets */,
				547430EA255AC90A00CB2A03 /* LaunchScreen.storyboard */,
				547430ED255AC90A00CB2A03 /* Info.plist */,
				547430E5255AC90700CB2A03 /* ToDoIt.xcdatamodeld */,
			);
			path = ToDoIT;
			sourceTree = "<group>";
		};
/* End PBXGroup section */

/* Begin PBXNativeTarget section */
		547430D8255AC90700CB2A03 /* ToDoIt */ = {
			isa = PBXNativeTarget;
			buildConfigurationList = 547430F0255AC90A00CB2A03 /* Build configuration list for PBXNativeTarget "ToDoIt" */;
			buildPhases = (
				547430D5255AC90700CB2A03 /* Sources */,
				547430D6255AC90700CB2A03 /* Frameworks */,
				547430D7255AC90700CB2A03 /* Resources */,
			);
			buildRules = (
			);
			dependencies = (
			);
			name = ToDoIt;
			productName = ToDoIt;
			productReference = 547430D9255AC90700CB2A03 /* ToDoIt.app */;
			productType = "com.apple.product-type.application";
		};
/* End PBXNativeTarget section */

/* Begin PBXProject section */
		547430D1255AC90700CB2A03 /* Project object */ = {
			isa = PBXProject;
			attributes = {
				LastSwiftUpdateCheck = 1210;
				LastUpgradeCheck = 1210;
				TargetAttributes = {
					547430D8255AC90700CB2A03 = {
						CreatedOnToolsVersion = 12.1;
					};
				};
			};
			buildConfigurationList = 547430D4255AC90700CB2A03 /* Build configuration list for PBXProject "ToDoIt" */;
			compatibilityVersion = "Xcode 9.3";
			developmentRegion = en;
			hasScannedForEncodings = 0;
			knownRegions = (
				en,
				Base,
			);
			mainGroup = 547430D0255AC90700CB2A03;
			productRefGroup = 547430DA255AC90700CB2A03 /* Products */;
			projectDirPath = "";
			projectRoot = "";
			targets = (
				547430D8255AC90700CB2A03 /* ToDoIt */,
			);
		};
/* End PBXProject section */

/* Begin PBXResourcesBuildPhase section */
		547430D7255AC90700CB2A03 /* Resources */ = {
			isa = PBXResourcesBuildPhase;
			buildActionMask = 2147483647;
			files = (
				547430EC255AC90A00CB2A03 /* LaunchScreen.storyboard in Resources */,
				547430E9255AC90A00CB2A03 /* Assets.xcassets in Resources */,
				547430E4255AC90700CB2A03 /* Main.storyboard in Resources */,
			);
			runOnlyForDeploymentPostprocessing = 0;
		};
/* End PBXResourcesBuildPhase section */

/* Begin PBXSourcesBuildPhase section */
		547430D5255AC90700CB2A03 /* Sources */ = {
			isa = PBXSourcesBuildPhase;
			buildActionMask = 2147483647;
			files = (
				547430E1255AC90700CB2A03 /* ViewController.swift in Sources */,
				547430DD255AC90700CB2A03 /* AppDelegate.swift in Sources */,
				547430E7255AC90700CB2A03 /* ToDoIt.xcdatamodeld in Sources */,
				547430DF255AC90700CB2A03 /* SceneDelegate.swift in Sources */,
			);
			runOnlyForDeploymentPostprocessing = 0;
		};
/* End PBXSourcesBuildPhase section */

/* Begin PBXVariantGroup section */
		547430E2255AC90700CB2A03 /* Main.storyboard */ = {
			isa = PBXVariantGroup;
			children = (
				547430E3255AC90700CB2A03 /* Base */,
			);
			name = Main.storyboard;
			sourceTree = "<group>";
		};
		547430EA255AC90A00CB2A03 /* LaunchScreen.storyboard */ = {
			isa = PBXVariantGroup;
			children = (
				547430EB255AC90A00CB2A03 /* Base */,
			);
			name = LaunchScreen.storyboard;
			sourceTree = "<group>";
		};
/* End PBXVariantGroup section */

/* Begin XCBuildConfiguration section */
		547430EE255AC90A00CB2A03 /* Debug */ = {
			isa = XCBuildConfiguration;
			buildSettings = {
				ALWAYS_SEARCH_USER_PATHS = NO;
				CLANG_ANALYZER_NONNULL = YES;
				CLANG_ANALYZER_NUMBER_OBJECT_CONVERSION = YES_AGGRESSIVE;
				CLANG_CXX_LANGUAGE_STANDARD = "gnu++14";
				CLANG_CXX_LIBRARY = "libc++";
				CLANG_ENABLE_MODULES = YES;
				CLANG_ENABLE_OBJC_ARC = YES;
				CLANG_ENABLE_OBJC_WEAK = YES;
				CLANG_WARN_BLOCK_CAPTURE_AUTORELEASING = YES;
				CLANG_WARN_BOOL_CONVERSION = YES;
				CLANG_WARN_COMMA = YES;
				CLANG_WARN_CONSTANT_CONVERSION = YES;
				CLANG_WARN_DEPRECATED_OBJC_IMPLEMENTATIONS = YES;
				CLANG_WARN_DIRECT_OBJC_ISA_USAGE = YES_ERROR;
				CLANG_WARN_DOCUMENTATION_COMMENTS = YES;
				CLANG_WARN_EMPTY_BODY = YES;
				CLANG_WARN_ENUM_CONVERSION = YES;
				CLANG_WARN_INFINITE_RECURSION = YES;
				CLANG_WARN_INT_CONVERSION = YES;
				CLANG_WARN_NON_LITERAL_NULL_CONVERSION = YES;
				CLANG_WARN_OBJC_IMPLICIT_RETAIN_SELF = YES;
				CLANG_WARN_OBJC_LITERAL_CONVERSION = YES;
				CLANG_WARN_OBJC_ROOT_CLASS = YES_ERROR;
				CLANG_WARN_QUOTED_INCLUDE_IN_FRAMEWORK_HEADER = YES;
				CLANG_WARN_RANGE_LOOP_ANALYSIS = YES;
				CLANG_WARN_STRICT_PROTOTYPES = YES;
				CLANG_WARN_SUSPICIOUS_MOVE = YES;
				CLANG_WARN_UNGUARDED_AVAILABILITY = YES_AGGRESSIVE;
				CLANG_WARN_UNREACHABLE_CODE = YES;
				CLANG_WARN__DUPLICATE_METHOD_MATCH = YES;
				COPY_PHASE_STRIP = NO;
				DEBUG_INFORMATION_FORMAT = dwarf;
				ENABLE_STRICT_OBJC_MSGSEND = YES;
				ENABLE_TESTABILITY = YES;
				GCC_C_LANGUAGE_STANDARD = gnu11;
				GCC_DYNAMIC_NO_PIC = NO;
				GCC_NO_COMMON_BLOCKS = YES;
				GCC_OPTIMIZATION_LEVEL = 0;
				GCC_PREPROCESSOR_DEFINITIONS = (
					"DEBUG=1",
					"$(inherited)",
				);
				GCC_WARN_64_TO_32_BIT_CONVERSION = YES;
				GCC_WARN_ABOUT_RETURN_TYPE = YES_ERROR;
				GCC_WARN_UNDECLARED_SELECTOR = YES;
				GCC_WARN_UNINITIALIZED_AUTOS = YES_AGGRESSIVE;
				GCC_WARN_UNUSED_FUNCTION = YES;
				GCC_WARN_UNUSED_VARIABLE = YES;
				IPHONEOS_DEPLOYMENT_TARGET = 14.1;
				MTL_ENABLE_DEBUG_INFO = INCLUDE_SOURCE;
				MTL_FAST_MATH = YES;
				ONLY_ACTIVE_ARCH = YES;
				SDKROOT = iphoneos;
				SWIFT_ACTIVE_COMPILATION_CONDITIONS = DEBUG;
				SWIFT_OPTIMIZATION_LEVEL = "-Onone";
			};
			name = Debug;
		};
		547430EF255AC90A00CB2A03 /* Release */ = {
			isa = XCBuildConfiguration;
			buildSettings = {
				ALWAYS_SEARCH_USER_PATHS = NO;
				CLANG_ANALYZER_NONNULL = YES;
				CLANG_ANALYZER_NUMBER_OBJECT_CONVERSION = YES_AGGRESSIVE;
				CLANG_CXX_LANGUAGE_STANDARD = "gnu++14";
				CLANG_CXX_LIBRARY = "libc++";
				CLANG_ENABLE_MODULES = YES;
				CLANG_ENABLE_OBJC_ARC = YES;
				CLANG_ENABLE_OBJC_WEAK = YES;
				CLANG_WARN_BLOCK_CAPTURE_AUTORELEASING = YES;
				CLANG_WARN_BOOL_CONVERSION = YES;
				CLANG_WARN_COMMA = YES;
				CLANG_WARN_CONSTANT_CONVERSION = YES;
				CLANG_WARN_DEPRECATED_OBJC_IMPLEMENTATIONS = YES;
				CLANG_WARN_DIRECT_OBJC_ISA_USAGE = YES_ERROR;
				CLANG_WARN_DOCUMENTATION_COMMENTS = YES;
				CLANG_WARN_EMPTY_BODY = YES;
				CLANG_WARN_ENUM_CONVERSION = YES;
				CLANG_WARN_INFINITE_RECURSION = YES;
				CLANG_WARN_INT_CONVERSION = YES;
				CLANG_WARN_NON_LITERAL_NULL_CONVERSION = YES;
				CLANG_WARN_OBJC_IMPLICIT_RETAIN_SELF = YES;
				CLANG_WARN_OBJC_LITERAL_CONVERSION = YES;
				CLANG_WARN_OBJC_ROOT_CLASS = YES_ERROR;
				CLANG_WARN_QUOTED_INCLUDE_IN_FRAMEWORK_HEADER = YES;
				CLANG_WARN_RANGE_LOOP_ANALYSIS = YES;
				CLANG_WARN_STRICT_PROTOTYPES = YES;
				CLANG_WARN_SUSPICIOUS_MOVE = YES;
				CLANG_WARN_UNGUARDED_AVAILABILITY = YES_AGGRESSIVE;
				CLANG_WARN_UNREACHABLE_CODE = YES;
				CLANG_WARN__DUPLICATE_METHOD_MATCH = YES;
				COPY_PHASE_STRIP = NO;
				DEBUG_INFORMATION_FORMAT = "dwarf-with-dsym";
				ENABLE_NS_ASSERTIONS = NO;
				ENABLE_STRICT_OBJC_MSGSEND = YES;
				GCC_C_LANGUAGE_STANDARD = gnu11;
				GCC_NO_COMMON_BLOCKS = YES;
				GCC_WARN_64_TO_32_BIT_CONVERSION = YES;
				GCC_WARN_ABOUT_RETURN_TYPE = YES_ERROR;
				GCC_WARN_UNDECLARED_SELECTOR = YES;
				GCC_WARN_UNINITIALIZED_AUTOS = YES_AGGRESSIVE;
				GCC_WARN_UNUSED_FUNCTION = YES;
				GCC_WARN_UNUSED_VARIABLE = YES;
				IPHONEOS_DEPLOYMENT_TARGET = 14.1;
				MTL_ENABLE_DEBUG_INFO = NO;
				MTL_FAST_MATH = YES;
				SDKROOT = iphoneos;
				SWIFT_COMPILATION_MODE = wholemodule;
				SWIFT_OPTIMIZATION_LEVEL = "-O";
				VALIDATE_PRODUCT = YES;
			};
			name = Release;
		};
		547430F1255AC90A00CB2A03 /* Debug */ = {
			isa = XCBuildConfiguration;
			buildSettings = {
				ASSETCATALOG_COMPILER_APPICON_NAME = AppIcon;
				ASSETCATALOG_COMPILER_GLOBAL_ACCENT_COLOR_NAME = AccentColor;
				CODE_SIGN_STYLE = Automatic;
				DEVELOPMENT_TEAM = 7J2VC8DULL;
				INFOPLIST_FILE = ToDoIt/Info.plist;
				LD_RUNPATH_SEARCH_PATHS = (
					"$(inherited)",
					"@executable_path/Frameworks",
				);
				PRODUCT_BUNDLE_IDENTIFIER = com.laudecked.ToDoIt;
				PRODUCT_NAME = "$(TARGET_NAME)";
				SWIFT_VERSION = 5.0;
				TARGETED_DEVICE_FAMILY = "1,2";
			};
			name = Debug;
		};
		547430F2255AC90A00CB2A03 /* Release */ = {
			isa = XCBuildConfiguration;
			buildSettings = {
				ASSETCATALOG_COMPILER_APPICON_NAME = AppIcon;
				ASSETCATALOG_COMPILER_GLOBAL_ACCENT_COLOR_NAME = AccentColor;
				CODE_SIGN_STYLE = Automatic;
				DEVELOPMENT_TEAM = 7J2VC8DULL;
				INFOPLIST_FILE = ToDoIt/Info.plist;
				LD_RUNPATH_SEARCH_PATHS = (
					"$(inherited)",
					"@executable_path/Frameworks",
				);
				PRODUCT_BUNDLE_IDENTIFIER = com.laudecked.ToDoIt;
				PRODUCT_NAME = "$(TARGET_NAME)";
				SWIFT_VERSION = 5.0;
				TARGETED_DEVICE_FAMILY = "1,2";
			};
			name = Release;
		};
/* End XCBuildConfiguration section */

/* Begin XCConfigurationList section */
		547430D4255AC90700CB2A03 /* Build configuration list for PBXProject "ToDoIt" */ = {
			isa = XCConfigurationList;
			buildConfigurations = (
				547430EE255AC90A00CB2A03 /* Debug */,
				547430EF255AC90A00CB2A03 /* Release */,
			);
			defaultConfigurationIsVisible = 0;
			defaultConfigurationName = Release;
		};
		547430F0255AC90A00CB2A03 /* Build configuration list for PBXNativeTarget "ToDoIt" */ = {
			isa = XCConfigurationList;
			buildConfigurations = (
				547430F1255AC90A00CB2A03 /* Debug */,
				547430F2255AC90A00CB2A03 /* Release */,
			);
			defaultConfigurationIsVisible = 0;
			defaultConfigurationName = Release;
		};
/* End XCConfigurationList section */

/* Begin XCVersionGroup section */
		547430E5255AC90700CB2A03 /* ToDoIt.xcdatamodeld */ = {
			isa = XCVersionGroup;
			children = (
				547430E6255AC90700CB2A03 /* ToDoIt.xcdatamodel */,
			);
			currentVersion = 547430E6255AC90700CB2A03 /* ToDoIt.xcdatamodel */;
			path = ToDoIt.xcdatamodeld;
			sourceTree = "<group>";
			versionGroupType = wrapper.xcdatamodel;
		};
/* End XCVersionGroup section */
	};
	rootObject = 547430D1255AC90700CB2A03 /* Project object */;
}
